// !$*UTF8*$!
{
	archiveVersion = 1;
	classes = {
	};
	objectVersion = 56;
	objects = {

/* Begin PBXBuildFile section */
		DE5FE182293192E000C7E9E8 /* AppDelegate.swift in Sources */ = {isa = PBXBuildFile; fileRef = DE5FE181293192E000C7E9E8 /* AppDelegate.swift */; };
		DE5FE184293192E000C7E9E8 /* SceneDelegate.swift in Sources */ = {isa = PBXBuildFile; fileRef = DE5FE183293192E000C7E9E8 /* SceneDelegate.swift */; };
		DE5FE18B293192E100C7E9E8 /* Assets.xcassets in Resources */ = {isa = PBXBuildFile; fileRef = DE5FE18A293192E100C7E9E8 /* Assets.xcassets */; };
		DE5FE18E293192E100C7E9E8 /* LaunchScreen.storyboard in Resources */ = {isa = PBXBuildFile; fileRef = DE5FE18C293192E100C7E9E8 /* LaunchScreen.storyboard */; };
		DE5FE198293519F400C7E9E8 /* PrimerViewController.swift in Sources */ = {isa = PBXBuildFile; fileRef = DE5FE197293519F400C7E9E8 /* PrimerViewController.swift */; };
		DE5FE19A293549D100C7E9E8 /* DniViewController.swift in Sources */ = {isa = PBXBuildFile; fileRef = DE5FE199293549D100C7E9E8 /* DniViewController.swift */; };
		DE8694B6293BBD6600A91415 /* Main.storyboard in Resources */ = {isa = PBXBuildFile; fileRef = DE8694B5293BBD6600A91415 /* Main.storyboard */; };
		DE8694B8293BC57B00A91415 /* Categoria.swift in Sources */ = {isa = PBXBuildFile; fileRef = DE8694B7293BC57B00A91415 /* Categoria.swift */; };
		DE991211293BB114005EBF65 /* DistritosCollectionViewController.swift in Sources */ = {isa = PBXBuildFile; fileRef = DE991210293BB114005EBF65 /* DistritosCollectionViewController.swift */; };
		DE991215293BB1EF005EBF65 /* CustomCollectionViewCell.swift in Sources */ = {isa = PBXBuildFile; fileRef = DE991214293BB1EF005EBF65 /* CustomCollectionViewCell.swift */; };
		DE991217293BB396005EBF65 /* Distrito.swift in Sources */ = {isa = PBXBuildFile; fileRef = DE991216293BB396005EBF65 /* Distrito.swift */; };
		DE99121B293BB63C005EBF65 /* ST02.storyboard in Resources */ = {isa = PBXBuildFile; fileRef = DE99121A293BB63C005EBF65 /* ST02.storyboard */; };
		DEC0F63E2936975F0053CE78 /* Tienda.swift in Sources */ = {isa = PBXBuildFile; fileRef = DEC0F63D2936975F0053CE78 /* Tienda.swift */; };
		DEC0F640293699630053CE78 /* CustomTableViewCell.swift in Sources */ = {isa = PBXBuildFile; fileRef = DEC0F63F293699630053CE78 /* CustomTableViewCell.swift */; };
		DEC0F6422936A4340053CE78 /* ListaViewController.swift in Sources */ = {isa = PBXBuildFile; fileRef = DEC0F6412936A4340053CE78 /* ListaViewController.swift */; };
		DEC0F6442936A5680053CE78 /* Oferta.swift in Sources */ = {isa = PBXBuildFile; fileRef = DEC0F6432936A5680053CE78 /* Oferta.swift */; };
		DEC0F66E29392AD10053CE78 /* QrViewController.swift in Sources */ = {isa = PBXBuildFile; fileRef = DEC0F66D29392AD10053CE78 /* QrViewController.swift */; };
/* End PBXBuildFile section */

/* Begin PBXFileReference section */
		DE5FE17E293192E000C7E9E8 /* ProyFreeCoupons.app */ = {isa = PBXFileReference; explicitFileType = wrapper.application; includeInIndex = 0; path = ProyFreeCoupons.app; sourceTree = BUILT_PRODUCTS_DIR; };
		DE5FE181293192E000C7E9E8 /* AppDelegate.swift */ = {isa = PBXFileReference; lastKnownFileType = sourcecode.swift; path = AppDelegate.swift; sourceTree = "<group>"; };
		DE5FE183293192E000C7E9E8 /* SceneDelegate.swift */ = {isa = PBXFileReference; lastKnownFileType = sourcecode.swift; path = SceneDelegate.swift; sourceTree = "<group>"; };
		DE5FE18A293192E100C7E9E8 /* Assets.xcassets */ = {isa = PBXFileReference; lastKnownFileType = folder.assetcatalog; path = Assets.xcassets; sourceTree = "<group>"; };
		DE5FE18D293192E100C7E9E8 /* Base */ = {isa = PBXFileReference; lastKnownFileType = file.storyboard; name = Base; path = Base.lproj/LaunchScreen.storyboard; sourceTree = "<group>"; };
		DE5FE18F293192E100C7E9E8 /* Info.plist */ = {isa = PBXFileReference; lastKnownFileType = text.plist.xml; path = Info.plist; sourceTree = "<group>"; };
		DE5FE197293519F400C7E9E8 /* PrimerViewController.swift */ = {isa = PBXFileReference; lastKnownFileType = sourcecode.swift; path = PrimerViewController.swift; sourceTree = "<group>"; };
		DE5FE199293549D100C7E9E8 /* DniViewController.swift */ = {isa = PBXFileReference; lastKnownFileType = sourcecode.swift; path = DniViewController.swift; sourceTree = "<group>"; };
		DE8694B5293BBD6600A91415 /* Main.storyboard */ = {isa = PBXFileReference; fileEncoding = 4; lastKnownFileType = file.storyboard; name = Main.storyboard; path = ../../../.Trash/Main.storyboard; sourceTree = "<group>"; };
		DE8694B7293BC57B00A91415 /* Categoria.swift */ = {isa = PBXFileReference; lastKnownFileType = sourcecode.swift; path = Categoria.swift; sourceTree = "<group>"; };
		DE991210293BB114005EBF65 /* DistritosCollectionViewController.swift */ = {isa = PBXFileReference; lastKnownFileType = sourcecode.swift; path = DistritosCollectionViewController.swift; sourceTree = "<group>"; };
		DE991214293BB1EF005EBF65 /* CustomCollectionViewCell.swift */ = {isa = PBXFileReference; lastKnownFileType = sourcecode.swift; path = CustomCollectionViewCell.swift; sourceTree = "<group>"; };
		DE991216293BB396005EBF65 /* Distrito.swift */ = {isa = PBXFileReference; lastKnownFileType = sourcecode.swift; path = Distrito.swift; sourceTree = "<group>"; };
		DE99121A293BB63C005EBF65 /* ST02.storyboard */ = {isa = PBXFileReference; lastKnownFileType = file.storyboard; path = ST02.storyboard; sourceTree = "<group>"; };
		DEC0F63D2936975F0053CE78 /* Tienda.swift */ = {isa = PBXFileReference; lastKnownFileType = sourcecode.swift; path = Tienda.swift; sourceTree = "<group>"; };
		DEC0F63F293699630053CE78 /* CustomTableViewCell.swift */ = {isa = PBXFileReference; lastKnownFileType = sourcecode.swift; path = CustomTableViewCell.swift; sourceTree = "<group>"; };
		DEC0F6412936A4340053CE78 /* ListaViewController.swift */ = {isa = PBXFileReference; lastKnownFileType = sourcecode.swift; path = ListaViewController.swift; sourceTree = "<group>"; };
		DEC0F6432936A5680053CE78 /* Oferta.swift */ = {isa = PBXFileReference; lastKnownFileType = sourcecode.swift; path = Oferta.swift; sourceTree = "<group>"; };
		DEC0F66D29392AD10053CE78 /* QrViewController.swift */ = {isa = PBXFileReference; lastKnownFileType = sourcecode.swift; path = QrViewController.swift; sourceTree = "<group>"; };
/* End PBXFileReference section */

/* Begin PBXFrameworksBuildPhase section */
		DE5FE17B293192E000C7E9E8 /* Frameworks */ = {
			isa = PBXFrameworksBuildPhase;
			buildActionMask = 2147483647;
			files = (
			);
			runOnlyForDeploymentPostprocessing = 0;
		};
/* End PBXFrameworksBuildPhase section */

/* Begin PBXGroup section */
		DE5FE175293192E000C7E9E8 = {
			isa = PBXGroup;
			children = (
				DE5FE180293192E000C7E9E8 /* ProyFreeCoupons */,
				DE5FE17F293192E000C7E9E8 /* Products */,
			);
			sourceTree = "<group>";
		};
		DE5FE17F293192E000C7E9E8 /* Products */ = {
			isa = PBXGroup;
			children = (
				DE5FE17E293192E000C7E9E8 /* ProyFreeCoupons.app */,
			);
			name = Products;
			sourceTree = "<group>";
		};
		DE5FE180293192E000C7E9E8 /* ProyFreeCoupons */ = {
			isa = PBXGroup;
			children = (
				DE8694B4293BB78900A91415 /* Entidades */,
				DE8694B3293BB74700A91415 /* SegundaParteOfertas */,
				DE99121C293BB6B2005EBF65 /* PrimeraParteDistrito */,
				DE5FE181293192E000C7E9E8 /* AppDelegate.swift */,
				DE8694B5293BBD6600A91415 /* Main.storyboard */,
				DE5FE183293192E000C7E9E8 /* SceneDelegate.swift */,
				DE5FE18A293192E100C7E9E8 /* Assets.xcassets */,
				DE5FE18C293192E100C7E9E8 /* LaunchScreen.storyboard */,
				DE5FE18F293192E100C7E9E8 /* Info.plist */,
			);
			path = ProyFreeCoupons;
			sourceTree = "<group>";
		};
		DE8694B3293BB74700A91415 /* SegundaParteOfertas */ = {
			isa = PBXGroup;
			children = (
				DEC0F63F293699630053CE78 /* CustomTableViewCell.swift */,
				DE5FE199293549D100C7E9E8 /* DniViewController.swift */,
				DEC0F66D29392AD10053CE78 /* QrViewController.swift */,
				DEC0F6412936A4340053CE78 /* ListaViewController.swift */,
				DE99121A293BB63C005EBF65 /* ST02.storyboard */,
			);
			path = SegundaParteOfertas;
			sourceTree = "<group>";
		};
		DE8694B4293BB78900A91415 /* Entidades */ = {
			isa = PBXGroup;
			children = (
				DE991216293BB396005EBF65 /* Distrito.swift */,
				DEC0F63D2936975F0053CE78 /* Tienda.swift */,
				DEC0F6432936A5680053CE78 /* Oferta.swift */,
				DE8694B7293BC57B00A91415 /* Categoria.swift */,
			);
			path = Entidades;
			sourceTree = "<group>";
		};
		DE99121C293BB6B2005EBF65 /* PrimeraParteDistrito */ = {
			isa = PBXGroup;
			children = (
				DE991214293BB1EF005EBF65 /* CustomCollectionViewCell.swift */,
				DE991210293BB114005EBF65 /* DistritosCollectionViewController.swift */,
				DE5FE197293519F400C7E9E8 /* PrimerViewController.swift */,
			);
			path = PrimeraParteDistrito;
			sourceTree = "<group>";
		};
/* End PBXGroup section */

/* Begin PBXNativeTarget section */
		DE5FE17D293192E000C7E9E8 /* ProyFreeCoupons */ = {
			isa = PBXNativeTarget;
			buildConfigurationList = DE5FE192293192E100C7E9E8 /* Build configuration list for PBXNativeTarget "ProyFreeCoupons" */;
			buildPhases = (
				DE5FE17A293192E000C7E9E8 /* Sources */,
				DE5FE17B293192E000C7E9E8 /* Frameworks */,
				DE5FE17C293192E000C7E9E8 /* Resources */,
			);
			buildRules = (
			);
			dependencies = (
			);
			name = ProyFreeCoupons;
			productName = ProyFreeCoupons;
			productReference = DE5FE17E293192E000C7E9E8 /* ProyFreeCoupons.app */;
			productType = "com.apple.product-type.application";
		};
/* End PBXNativeTarget section */

/* Begin PBXProject section */
		DE5FE176293192E000C7E9E8 /* Project object */ = {
			isa = PBXProject;
			attributes = {
				BuildIndependentTargetsInParallel = 1;
				LastSwiftUpdateCheck = 1410;
				LastUpgradeCheck = 1410;
				TargetAttributes = {
					DE5FE17D293192E000C7E9E8 = {
						CreatedOnToolsVersion = 14.1;
					};
				};
			};
			buildConfigurationList = DE5FE179293192E000C7E9E8 /* Build configuration list for PBXProject "ProyFreeCoupons" */;
			compatibilityVersion = "Xcode 14.0";
			developmentRegion = en;
			hasScannedForEncodings = 0;
			knownRegions = (
				en,
				Base,
			);
			mainGroup = DE5FE175293192E000C7E9E8;
			productRefGroup = DE5FE17F293192E000C7E9E8 /* Products */;
			projectDirPath = "";
			projectRoot = "";
			targets = (
				DE5FE17D293192E000C7E9E8 /* ProyFreeCoupons */,
			);
		};
/* End PBXProject section */

/* Begin PBXResourcesBuildPhase section */
		DE5FE17C293192E000C7E9E8 /* Resources */ = {
			isa = PBXResourcesBuildPhase;
			buildActionMask = 2147483647;
			files = (
				DE8694B6293BBD6600A91415 /* Main.storyboard in Resources */,
				DE99121B293BB63C005EBF65 /* ST02.storyboard in Resources */,
				DE5FE18E293192E100C7E9E8 /* LaunchScreen.storyboard in Resources */,
				DE5FE18B293192E100C7E9E8 /* Assets.xcassets in Resources */,
			);
			runOnlyForDeploymentPostprocessing = 0;
		};
/* End PBXResourcesBuildPhase section */

/* Begin PBXSourcesBuildPhase section */
		DE5FE17A293192E000C7E9E8 /* Sources */ = {
			isa = PBXSourcesBuildPhase;
			buildActionMask = 2147483647;
			files = (
				DEC0F640293699630053CE78 /* CustomTableViewCell.swift in Sources */,
				DEC0F66E29392AD10053CE78 /* QrViewController.swift in Sources */,
				DE991215293BB1EF005EBF65 /* CustomCollectionViewCell.swift in Sources */,
				DE5FE19A293549D100C7E9E8 /* DniViewController.swift in Sources */,
				DE8694B8293BC57B00A91415 /* Categoria.swift in Sources */,
				DE991217293BB396005EBF65 /* Distrito.swift in Sources */,
				DEC0F6442936A5680053CE78 /* Oferta.swift in Sources */,
				DE5FE182293192E000C7E9E8 /* AppDelegate.swift in Sources */,
				DEC0F63E2936975F0053CE78 /* Tienda.swift in Sources */,
				DE991211293BB114005EBF65 /* DistritosCollectionViewController.swift in Sources */,
				DEC0F6422936A4340053CE78 /* ListaViewController.swift in Sources */,
				DE5FE184293192E000C7E9E8 /* SceneDelegate.swift in Sources */,
				DE5FE198293519F400C7E9E8 /* PrimerViewController.swift in Sources */,
			);
			runOnlyForDeploymentPostprocessing = 0;
		};
/* End PBXSourcesBuildPhase section */

/* Begin PBXVariantGroup section */
		DE5FE18C293192E100C7E9E8 /* LaunchScreen.storyboard */ = {
			isa = PBXVariantGroup;
			children = (
				DE5FE18D293192E100C7E9E8 /* Base */,
			);
			name = LaunchScreen.storyboard;
			sourceTree = "<group>";
		};
/* End PBXVariantGroup section */

/* Begin XCBuildConfiguration section */
		DE5FE190293192E100C7E9E8 /* Debug */ = {
			isa = XCBuildConfiguration;
			buildSettings = {
				ALWAYS_SEARCH_USER_PATHS = NO;
				CLANG_ANALYZER_NONNULL = YES;
				CLANG_ANALYZER_NUMBER_OBJECT_CONVERSION = YES_AGGRESSIVE;
				CLANG_CXX_LANGUAGE_STANDARD = "gnu++20";
				CLANG_ENABLE_MODULES = YES;
				CLANG_ENABLE_OBJC_ARC = YES;
				CLANG_ENABLE_OBJC_WEAK = YES;
				CLANG_WARN_BLOCK_CAPTURE_AUTORELEASING = YES;
				CLANG_WARN_BOOL_CONVERSION = YES;
				CLANG_WARN_COMMA = YES;
				CLANG_WARN_CONSTANT_CONVERSION = YES;
				CLANG_WARN_DEPRECATED_OBJC_IMPLEMENTATIONS = YES;
				CLANG_WARN_DIRECT_OBJC_ISA_USAGE = YES_ERROR;
				CLANG_WARN_DOCUMENTATION_COMMENTS = YES;
				CLANG_WARN_EMPTY_BODY = YES;
				CLANG_WARN_ENUM_CONVERSION = YES;
				CLANG_WARN_INFINITE_RECURSION = YES;
				CLANG_WARN_INT_CONVERSION = YES;
				CLANG_WARN_NON_LITERAL_NULL_CONVERSION = YES;
				CLANG_WARN_OBJC_IMPLICIT_RETAIN_SELF = YES;
				CLANG_WARN_OBJC_LITERAL_CONVERSION = YES;
				CLANG_WARN_OBJC_ROOT_CLASS = YES_ERROR;
				CLANG_WARN_QUOTED_INCLUDE_IN_FRAMEWORK_HEADER = YES;
				CLANG_WARN_RANGE_LOOP_ANALYSIS = YES;
				CLANG_WARN_STRICT_PROTOTYPES = YES;
				CLANG_WARN_SUSPICIOUS_MOVE = YES;
				CLANG_WARN_UNGUARDED_AVAILABILITY = YES_AGGRESSIVE;
				CLANG_WARN_UNREACHABLE_CODE = YES;
				CLANG_WARN__DUPLICATE_METHOD_MATCH = YES;
				COPY_PHASE_STRIP = NO;
				DEBUG_INFORMATION_FORMAT = dwarf;
				ENABLE_STRICT_OBJC_MSGSEND = YES;
				ENABLE_TESTABILITY = YES;
				GCC_C_LANGUAGE_STANDARD = gnu11;
				GCC_DYNAMIC_NO_PIC = NO;
				GCC_NO_COMMON_BLOCKS = YES;
				GCC_OPTIMIZATION_LEVEL = 0;
				GCC_PREPROCESSOR_DEFINITIONS = (
					"DEBUG=1",
					"$(inherited)",
				);
				GCC_WARN_64_TO_32_BIT_CONVERSION = YES;
				GCC_WARN_ABOUT_RETURN_TYPE = YES_ERROR;
				GCC_WARN_UNDECLARED_SELECTOR = YES;
				GCC_WARN_UNINITIALIZED_AUTOS = YES_AGGRESSIVE;
				GCC_WARN_UNUSED_FUNCTION = YES;
				GCC_WARN_UNUSED_VARIABLE = YES;
				IPHONEOS_DEPLOYMENT_TARGET = 16.1;
				MTL_ENABLE_DEBUG_INFO = INCLUDE_SOURCE;
				MTL_FAST_MATH = YES;
				ONLY_ACTIVE_ARCH = YES;
				SDKROOT = iphoneos;
				SWIFT_ACTIVE_COMPILATION_CONDITIONS = DEBUG;
				SWIFT_OPTIMIZATION_LEVEL = "-Onone";
			};
			name = Debug;
		};
		DE5FE191293192E100C7E9E8 /* Release */ = {
			isa = XCBuildConfiguration;
			buildSettings = {
				ALWAYS_SEARCH_USER_PATHS = NO;
				CLANG_ANALYZER_NONNULL = YES;
				CLANG_ANALYZER_NUMBER_OBJECT_CONVERSION = YES_AGGRESSIVE;
				CLANG_CXX_LANGUAGE_STANDARD = "gnu++20";
				CLANG_ENABLE_MODULES = YES;
				CLANG_ENABLE_OBJC_ARC = YES;
				CLANG_ENABLE_OBJC_WEAK = YES;
				CLANG_WARN_BLOCK_CAPTURE_AUTORELEASING = YES;
				CLANG_WARN_BOOL_CONVERSION = YES;
				CLANG_WARN_COMMA = YES;
				CLANG_WARN_CONSTANT_CONVERSION = YES;
				CLANG_WARN_DEPRECATED_OBJC_IMPLEMENTATIONS = YES;
				CLANG_WARN_DIRECT_OBJC_ISA_USAGE = YES_ERROR;
				CLANG_WARN_DOCUMENTATION_COMMENTS = YES;
				CLANG_WARN_EMPTY_BODY = YES;
				CLANG_WARN_ENUM_CONVERSION = YES;
				CLANG_WARN_INFINITE_RECURSION = YES;
				CLANG_WARN_INT_CONVERSION = YES;
				CLANG_WARN_NON_LITERAL_NULL_CONVERSION = YES;
				CLANG_WARN_OBJC_IMPLICIT_RETAIN_SELF = YES;
				CLANG_WARN_OBJC_LITERAL_CONVERSION = YES;
				CLANG_WARN_OBJC_ROOT_CLASS = YES_ERROR;
				CLANG_WARN_QUOTED_INCLUDE_IN_FRAMEWORK_HEADER = YES;
				CLANG_WARN_RANGE_LOOP_ANALYSIS = YES;
				CLANG_WARN_STRICT_PROTOTYPES = YES;
				CLANG_WARN_SUSPICIOUS_MOVE = YES;
				CLANG_WARN_UNGUARDED_AVAILABILITY = YES_AGGRESSIVE;
				CLANG_WARN_UNREACHABLE_CODE = YES;
				CLANG_WARN__DUPLICATE_METHOD_MATCH = YES;
				COPY_PHASE_STRIP = NO;
				DEBUG_INFORMATION_FORMAT = "dwarf-with-dsym";
				ENABLE_NS_ASSERTIONS = NO;
				ENABLE_STRICT_OBJC_MSGSEND = YES;
				GCC_C_LANGUAGE_STANDARD = gnu11;
				GCC_NO_COMMON_BLOCKS = YES;
				GCC_WARN_64_TO_32_BIT_CONVERSION = YES;
				GCC_WARN_ABOUT_RETURN_TYPE = YES_ERROR;
				GCC_WARN_UNDECLARED_SELECTOR = YES;
				GCC_WARN_UNINITIALIZED_AUTOS = YES_AGGRESSIVE;
				GCC_WARN_UNUSED_FUNCTION = YES;
				GCC_WARN_UNUSED_VARIABLE = YES;
				IPHONEOS_DEPLOYMENT_TARGET = 16.1;
				MTL_ENABLE_DEBUG_INFO = NO;
				MTL_FAST_MATH = YES;
				SDKROOT = iphoneos;
				SWIFT_COMPILATION_MODE = wholemodule;
				SWIFT_OPTIMIZATION_LEVEL = "-O";
				VALIDATE_PRODUCT = YES;
			};
			name = Release;
		};
		DE5FE193293192E100C7E9E8 /* Debug */ = {
			isa = XCBuildConfiguration;
			buildSettings = {
				ASSETCATALOG_COMPILER_APPICON_NAME = AppIcon;
				ASSETCATALOG_COMPILER_GLOBAL_ACCENT_COLOR_NAME = AccentColor;
				CODE_SIGN_STYLE = Automatic;
				CURRENT_PROJECT_VERSION = 1;
				GENERATE_INFOPLIST_FILE = YES;
				INFOPLIST_FILE = ProyFreeCoupons/Info.plist;
				INFOPLIST_KEY_UIApplicationSupportsIndirectInputEvents = YES;
				INFOPLIST_KEY_UILaunchStoryboardName = LaunchScreen;
				INFOPLIST_KEY_UIMainStoryboardFile = Main;
				INFOPLIST_KEY_UISupportedInterfaceOrientations_iPad = "UIInterfaceOrientationPortrait UIInterfaceOrientationPortraitUpsideDown UIInterfaceOrientationLandscapeLeft UIInterfaceOrientationLandscapeRight";
				INFOPLIST_KEY_UISupportedInterfaceOrientations_iPhone = "UIInterfaceOrientationPortrait UIInterfaceOrientationLandscapeLeft UIInterfaceOrientationLandscapeRight";
				LD_RUNPATH_SEARCH_PATHS = (
					"$(inherited)",
					"@executable_path/Frameworks",
				);
				MARKETING_VERSION = 1.0;
				PRODUCT_BUNDLE_IDENTIFIER = pe.douglas.ProyFreeCoupons;
				PRODUCT_NAME = "$(TARGET_NAME)";
				SWIFT_EMIT_LOC_STRINGS = YES;
				SWIFT_VERSION = 5.0;
				TARGETED_DEVICE_FAMILY = "1,2";
			};
			name = Debug;
		};
		DE5FE194293192E100C7E9E8 /* Release */ = {
			isa = XCBuildConfiguration;
			buildSettings = {
				ASSETCATALOG_COMPILER_APPICON_NAME = AppIcon;
				ASSETCATALOG_COMPILER_GLOBAL_ACCENT_COLOR_NAME = AccentColor;
				CODE_SIGN_STYLE = Automatic;
				CURRENT_PROJECT_VERSION = 1;
				GENERATE_INFOPLIST_FILE = YES;
				INFOPLIST_FILE = ProyFreeCoupons/Info.plist;
				INFOPLIST_KEY_UIApplicationSupportsIndirectInputEvents = YES;
				INFOPLIST_KEY_UILaunchStoryboardName = LaunchScreen;
				INFOPLIST_KEY_UIMainStoryboardFile = Main;
				INFOPLIST_KEY_UISupportedInterfaceOrientations_iPad = "UIInterfaceOrientationPortrait UIInterfaceOrientationPortraitUpsideDown UIInterfaceOrientationLandscapeLeft UIInterfaceOrientationLandscapeRight";
				INFOPLIST_KEY_UISupportedInterfaceOrientations_iPhone = "UIInterfaceOrientationPortrait UIInterfaceOrientationLandscapeLeft UIInterfaceOrientationLandscapeRight";
				LD_RUNPATH_SEARCH_PATHS = (
					"$(inherited)",
					"@executable_path/Frameworks",
				);
				MARKETING_VERSION = 1.0;
				PRODUCT_BUNDLE_IDENTIFIER = pe.douglas.ProyFreeCoupons;
				PRODUCT_NAME = "$(TARGET_NAME)";
				SWIFT_EMIT_LOC_STRINGS = YES;
				SWIFT_VERSION = 5.0;
				TARGETED_DEVICE_FAMILY = "1,2";
			};
			name = Release;
		};
/* End XCBuildConfiguration section */

/* Begin XCConfigurationList section */
		DE5FE179293192E000C7E9E8 /* Build configuration list for PBXProject "ProyFreeCoupons" */ = {
			isa = XCConfigurationList;
			buildConfigurations = (
				DE5FE190293192E100C7E9E8 /* Debug */,
				DE5FE191293192E100C7E9E8 /* Release */,
			);
			defaultConfigurationIsVisible = 0;
			defaultConfigurationName = Release;
		};
		DE5FE192293192E100C7E9E8 /* Build configuration list for PBXNativeTarget "ProyFreeCoupons" */ = {
			isa = XCConfigurationList;
			buildConfigurations = (
				DE5FE193293192E100C7E9E8 /* Debug */,
				DE5FE194293192E100C7E9E8 /* Release */,
			);
			defaultConfigurationIsVisible = 0;
			defaultConfigurationName = Release;
		};
/* End XCConfigurationList section */
	};
	rootObject = DE5FE176293192E000C7E9E8 /* Project object */;
}
