// !$*UTF8*$!
{
	archiveVersion = 1;
	classes = {
	};
	objectVersion = 56;
	objects = {

/* Begin PBXBuildFile section */
		DE2923682943158A0047A84C /* NetworkingProvider.swift in Sources */ = {isa = PBXBuildFile; fileRef = DE2923672943158A0047A84C /* NetworkingProvider.swift */; };
		DE29236B2943165A0047A84C /* Alamofire in Frameworks */ = {isa = PBXBuildFile; productRef = DE29236A2943165A0047A84C /* Alamofire */; };
		DE29237029439EE10047A84C /* UIButtonExtension.swift in Sources */ = {isa = PBXBuildFile; fileRef = DE29236F29439EE10047A84C /* UIButtonExtension.swift */; };
		DE29238C29444A7A0047A84C /* DistritoPresenter.swift in Sources */ = {isa = PBXBuildFile; fileRef = DE29238B29444A7A0047A84C /* DistritoPresenter.swift */; };
		DE29238E29444A940047A84C /* DistritoInteractor.swift in Sources */ = {isa = PBXBuildFile; fileRef = DE29238D29444A940047A84C /* DistritoInteractor.swift */; };
		DE29239029444AA60047A84C /* DistritoRouter.swift in Sources */ = {isa = PBXBuildFile; fileRef = DE29238F29444AA60047A84C /* DistritoRouter.swift */; };
		DE29239429444AE40047A84C /* DistritoConfigurator.swift in Sources */ = {isa = PBXBuildFile; fileRef = DE29239329444AE40047A84C /* DistritoConfigurator.swift */; };
		DE29239629444C4A0047A84C /* DistritoEntity.swift in Sources */ = {isa = PBXBuildFile; fileRef = DE29239529444C4A0047A84C /* DistritoEntity.swift */; };
		DE29239929444F040047A84C /* Networking.swift in Sources */ = {isa = PBXBuildFile; fileRef = DE29239829444F040047A84C /* Networking.swift */; };
		DE29239C2944500F0047A84C /* DistritoResponse.swift in Sources */ = {isa = PBXBuildFile; fileRef = DE29239B2944500F0047A84C /* DistritoResponse.swift */; };
		DE2923DC2944EE240047A84C /* distrito_success_01.json in Resources */ = {isa = PBXBuildFile; fileRef = DE2923DB2944EE240047A84C /* distrito_success_01.json */; };
		DE2923E62944FF770047A84C /* OfertaConfigurator.swift in Sources */ = {isa = PBXBuildFile; fileRef = DE2923E52944FF770047A84C /* OfertaConfigurator.swift */; };
		DE2923E8294501130047A84C /* OfertaEntity.swift in Sources */ = {isa = PBXBuildFile; fileRef = DE2923E7294501130047A84C /* OfertaEntity.swift */; };
		DE2923EA294501950047A84C /* OfertaPresenter.swift in Sources */ = {isa = PBXBuildFile; fileRef = DE2923E9294501950047A84C /* OfertaPresenter.swift */; };
		DE2923EC294502610047A84C /* OfertaInteractor.swift in Sources */ = {isa = PBXBuildFile; fileRef = DE2923EB294502610047A84C /* OfertaInteractor.swift */; };
		DE2923F0294793AD0047A84C /* oferta_success_01.json in Resources */ = {isa = PBXBuildFile; fileRef = DE2923EF294793AD0047A84C /* oferta_success_01.json */; };
		DE2923F2294795CA0047A84C /* OfertaResponse.swift in Sources */ = {isa = PBXBuildFile; fileRef = DE2923F1294795CA0047A84C /* OfertaResponse.swift */; };
		DE5FE182293192E000C7E9E8 /* AppDelegate.swift in Sources */ = {isa = PBXBuildFile; fileRef = DE5FE181293192E000C7E9E8 /* AppDelegate.swift */; };
		DE5FE184293192E000C7E9E8 /* SceneDelegate.swift in Sources */ = {isa = PBXBuildFile; fileRef = DE5FE183293192E000C7E9E8 /* SceneDelegate.swift */; };
		DE5FE18B293192E100C7E9E8 /* Assets.xcassets in Resources */ = {isa = PBXBuildFile; fileRef = DE5FE18A293192E100C7E9E8 /* Assets.xcassets */; };
		DE5FE18E293192E100C7E9E8 /* LaunchScreen.storyboard in Resources */ = {isa = PBXBuildFile; fileRef = DE5FE18C293192E100C7E9E8 /* LaunchScreen.storyboard */; };
		DE5FE198293519F400C7E9E8 /* HomeViewController.swift in Sources */ = {isa = PBXBuildFile; fileRef = DE5FE197293519F400C7E9E8 /* HomeViewController.swift */; };
		DE5FE19A293549D100C7E9E8 /* DniViewController.swift in Sources */ = {isa = PBXBuildFile; fileRef = DE5FE199293549D100C7E9E8 /* DniViewController.swift */; };
		DE6DCDDA2942E85E00E4E172 /* Main.storyboard in Resources */ = {isa = PBXBuildFile; fileRef = DE6DCDD92942E85E00E4E172 /* Main.storyboard */; };
		DE6DCDDC2942EA3F00E4E172 /* DistritoViewController.swift in Sources */ = {isa = PBXBuildFile; fileRef = DE6DCDDB2942EA3F00E4E172 /* DistritoViewController.swift */; };
		DE6DCDDF2942EBE800E4E172 /* MyCustomCollectionViewCell.swift in Sources */ = {isa = PBXBuildFile; fileRef = DE6DCDDD2942EBE800E4E172 /* MyCustomCollectionViewCell.swift */; };
		DE6DCDE02942EBE800E4E172 /* MyCustomCollectionViewCell.xib in Resources */ = {isa = PBXBuildFile; fileRef = DE6DCDDE2942EBE800E4E172 /* MyCustomCollectionViewCell.xib */; };
		DE99121B293BB63C005EBF65 /* ST02.storyboard in Resources */ = {isa = PBXBuildFile; fileRef = DE99121A293BB63C005EBF65 /* ST02.storyboard */; };
		DEC0F6422936A4340053CE78 /* OfertaViewController.swift in Sources */ = {isa = PBXBuildFile; fileRef = DEC0F6412936A4340053CE78 /* OfertaViewController.swift */; };
		DEC0F66E29392AD10053CE78 /* QrViewController.swift in Sources */ = {isa = PBXBuildFile; fileRef = DEC0F66D29392AD10053CE78 /* QrViewController.swift */; };
		DEC9C0432947C595005890EC /* OfertaCustomTableViewCell.swift in Sources */ = {isa = PBXBuildFile; fileRef = DEC9C0412947C595005890EC /* OfertaCustomTableViewCell.swift */; };
		DEC9C0442947C595005890EC /* OfertaCustomTableViewCell.xib in Resources */ = {isa = PBXBuildFile; fileRef = DEC9C0422947C595005890EC /* OfertaCustomTableViewCell.xib */; };
		DEC9C0612948E60D005890EC /* UserViewController.swift in Sources */ = {isa = PBXBuildFile; fileRef = DEC9C0602948E60D005890EC /* UserViewController.swift */; };
		DEC9C0632948E627005890EC /* UserConfigurator.swift in Sources */ = {isa = PBXBuildFile; fileRef = DEC9C0622948E627005890EC /* UserConfigurator.swift */; };
		DEC9C0652948FFC4005890EC /* OfertaRouter.swift in Sources */ = {isa = PBXBuildFile; fileRef = DEC9C0642948FFC4005890EC /* OfertaRouter.swift */; };
		DEC9C06729490194005890EC /* UserPresenter.swift in Sources */ = {isa = PBXBuildFile; fileRef = DEC9C06629490194005890EC /* UserPresenter.swift */; };
		DEC9C06929490CD3005890EC /* UserEntity.swift in Sources */ = {isa = PBXBuildFile; fileRef = DEC9C06829490CD3005890EC /* UserEntity.swift */; };
/* End PBXBuildFile section */

/* Begin PBXFileReference section */
		DE2923672943158A0047A84C /* NetworkingProvider.swift */ = {isa = PBXFileReference; lastKnownFileType = sourcecode.swift; path = NetworkingProvider.swift; sourceTree = "<group>"; };
		DE29236F29439EE10047A84C /* UIButtonExtension.swift */ = {isa = PBXFileReference; lastKnownFileType = sourcecode.swift; path = UIButtonExtension.swift; sourceTree = "<group>"; };
		DE29238B29444A7A0047A84C /* DistritoPresenter.swift */ = {isa = PBXFileReference; lastKnownFileType = sourcecode.swift; path = DistritoPresenter.swift; sourceTree = "<group>"; };
		DE29238D29444A940047A84C /* DistritoInteractor.swift */ = {isa = PBXFileReference; lastKnownFileType = sourcecode.swift; path = DistritoInteractor.swift; sourceTree = "<group>"; };
		DE29238F29444AA60047A84C /* DistritoRouter.swift */ = {isa = PBXFileReference; lastKnownFileType = sourcecode.swift; path = DistritoRouter.swift; sourceTree = "<group>"; };
		DE29239329444AE40047A84C /* DistritoConfigurator.swift */ = {isa = PBXFileReference; lastKnownFileType = sourcecode.swift; path = DistritoConfigurator.swift; sourceTree = "<group>"; };
		DE29239529444C4A0047A84C /* DistritoEntity.swift */ = {isa = PBXFileReference; lastKnownFileType = sourcecode.swift; path = DistritoEntity.swift; sourceTree = "<group>"; };
		DE29239829444F040047A84C /* Networking.swift */ = {isa = PBXFileReference; lastKnownFileType = sourcecode.swift; path = Networking.swift; sourceTree = "<group>"; };
		DE29239B2944500F0047A84C /* DistritoResponse.swift */ = {isa = PBXFileReference; lastKnownFileType = sourcecode.swift; path = DistritoResponse.swift; sourceTree = "<group>"; };
		DE2923DB2944EE240047A84C /* distrito_success_01.json */ = {isa = PBXFileReference; lastKnownFileType = text.json; path = distrito_success_01.json; sourceTree = "<group>"; };
		DE2923E52944FF770047A84C /* OfertaConfigurator.swift */ = {isa = PBXFileReference; lastKnownFileType = sourcecode.swift; path = OfertaConfigurator.swift; sourceTree = "<group>"; };
		DE2923E7294501130047A84C /* OfertaEntity.swift */ = {isa = PBXFileReference; lastKnownFileType = sourcecode.swift; path = OfertaEntity.swift; sourceTree = "<group>"; };
		DE2923E9294501950047A84C /* OfertaPresenter.swift */ = {isa = PBXFileReference; lastKnownFileType = sourcecode.swift; path = OfertaPresenter.swift; sourceTree = "<group>"; };
		DE2923EB294502610047A84C /* OfertaInteractor.swift */ = {isa = PBXFileReference; lastKnownFileType = sourcecode.swift; path = OfertaInteractor.swift; sourceTree = "<group>"; };
		DE2923EF294793AD0047A84C /* oferta_success_01.json */ = {isa = PBXFileReference; lastKnownFileType = text.json; path = oferta_success_01.json; sourceTree = "<group>"; };
		DE2923F1294795CA0047A84C /* OfertaResponse.swift */ = {isa = PBXFileReference; lastKnownFileType = sourcecode.swift; path = OfertaResponse.swift; sourceTree = "<group>"; };
		DE5FE17E293192E000C7E9E8 /* ProyFreeCoupons.app */ = {isa = PBXFileReference; explicitFileType = wrapper.application; includeInIndex = 0; path = ProyFreeCoupons.app; sourceTree = BUILT_PRODUCTS_DIR; };
		DE5FE181293192E000C7E9E8 /* AppDelegate.swift */ = {isa = PBXFileReference; lastKnownFileType = sourcecode.swift; path = AppDelegate.swift; sourceTree = "<group>"; };
		DE5FE183293192E000C7E9E8 /* SceneDelegate.swift */ = {isa = PBXFileReference; lastKnownFileType = sourcecode.swift; path = SceneDelegate.swift; sourceTree = "<group>"; };
		DE5FE18A293192E100C7E9E8 /* Assets.xcassets */ = {isa = PBXFileReference; lastKnownFileType = folder.assetcatalog; path = Assets.xcassets; sourceTree = "<group>"; };
		DE5FE18D293192E100C7E9E8 /* Base */ = {isa = PBXFileReference; lastKnownFileType = file.storyboard; name = Base; path = Base.lproj/LaunchScreen.storyboard; sourceTree = "<group>"; };
		DE5FE18F293192E100C7E9E8 /* Info.plist */ = {isa = PBXFileReference; lastKnownFileType = text.plist.xml; path = Info.plist; sourceTree = "<group>"; };
		DE5FE197293519F400C7E9E8 /* HomeViewController.swift */ = {isa = PBXFileReference; lastKnownFileType = sourcecode.swift; path = HomeViewController.swift; sourceTree = "<group>"; };
		DE5FE199293549D100C7E9E8 /* DniViewController.swift */ = {isa = PBXFileReference; lastKnownFileType = sourcecode.swift; path = DniViewController.swift; sourceTree = "<group>"; };
		DE6DCDD92942E85E00E4E172 /* Main.storyboard */ = {isa = PBXFileReference; lastKnownFileType = file.storyboard; path = Main.storyboard; sourceTree = "<group>"; };
		DE6DCDDB2942EA3F00E4E172 /* DistritoViewController.swift */ = {isa = PBXFileReference; lastKnownFileType = sourcecode.swift; path = DistritoViewController.swift; sourceTree = "<group>"; };
		DE6DCDDD2942EBE800E4E172 /* MyCustomCollectionViewCell.swift */ = {isa = PBXFileReference; lastKnownFileType = sourcecode.swift; path = MyCustomCollectionViewCell.swift; sourceTree = "<group>"; };
		DE6DCDDE2942EBE800E4E172 /* MyCustomCollectionViewCell.xib */ = {isa = PBXFileReference; lastKnownFileType = file.xib; path = MyCustomCollectionViewCell.xib; sourceTree = "<group>"; };
		DE99121A293BB63C005EBF65 /* ST02.storyboard */ = {isa = PBXFileReference; lastKnownFileType = file.storyboard; path = ST02.storyboard; sourceTree = "<group>"; };
		DEC0F6412936A4340053CE78 /* OfertaViewController.swift */ = {isa = PBXFileReference; lastKnownFileType = sourcecode.swift; path = OfertaViewController.swift; sourceTree = "<group>"; };
		DEC0F66D29392AD10053CE78 /* QrViewController.swift */ = {isa = PBXFileReference; lastKnownFileType = sourcecode.swift; path = QrViewController.swift; sourceTree = "<group>"; };
		DEC9C0412947C595005890EC /* OfertaCustomTableViewCell.swift */ = {isa = PBXFileReference; lastKnownFileType = sourcecode.swift; path = OfertaCustomTableViewCell.swift; sourceTree = "<group>"; };
		DEC9C0422947C595005890EC /* OfertaCustomTableViewCell.xib */ = {isa = PBXFileReference; lastKnownFileType = file.xib; path = OfertaCustomTableViewCell.xib; sourceTree = "<group>"; };
		DEC9C0602948E60D005890EC /* UserViewController.swift */ = {isa = PBXFileReference; lastKnownFileType = sourcecode.swift; path = UserViewController.swift; sourceTree = "<group>"; };
		DEC9C0622948E627005890EC /* UserConfigurator.swift */ = {isa = PBXFileReference; lastKnownFileType = sourcecode.swift; path = UserConfigurator.swift; sourceTree = "<group>"; };
		DEC9C0642948FFC4005890EC /* OfertaRouter.swift */ = {isa = PBXFileReference; lastKnownFileType = sourcecode.swift; path = OfertaRouter.swift; sourceTree = "<group>"; };
		DEC9C06629490194005890EC /* UserPresenter.swift */ = {isa = PBXFileReference; lastKnownFileType = sourcecode.swift; path = UserPresenter.swift; sourceTree = "<group>"; };
		DEC9C06829490CD3005890EC /* UserEntity.swift */ = {isa = PBXFileReference; lastKnownFileType = sourcecode.swift; path = UserEntity.swift; sourceTree = "<group>"; };
/* End PBXFileReference section */

/* Begin PBXFrameworksBuildPhase section */
		DE5FE17B293192E000C7E9E8 /* Frameworks */ = {
			isa = PBXFrameworksBuildPhase;
			buildActionMask = 2147483647;
			files = (
				DE29236B2943165A0047A84C /* Alamofire in Frameworks */,
			);
			runOnlyForDeploymentPostprocessing = 0;
		};
/* End PBXFrameworksBuildPhase section */

/* Begin PBXGroup section */
		DE292362294315370047A84C /* Network */ = {
			isa = PBXGroup;
			children = (
				DE2923672943158A0047A84C /* NetworkingProvider.swift */,
			);
			path = Network;
			sourceTree = "<group>";
		};
		DE29236C29439E960047A84C /* Util */ = {
			isa = PBXGroup;
			children = (
				DE29236F29439EE10047A84C /* UIButtonExtension.swift */,
			);
			path = Util;
			sourceTree = "<group>";
		};
		DE2923712943A4E80047A84C /* View */ = {
			isa = PBXGroup;
			children = (
				DE6DCDDB2942EA3F00E4E172 /* DistritoViewController.swift */,
				DE6DCDDD2942EBE800E4E172 /* MyCustomCollectionViewCell.swift */,
				DE6DCDDE2942EBE800E4E172 /* MyCustomCollectionViewCell.xib */,
			);
			path = View;
			sourceTree = "<group>";
		};
		DE2923722943A4F60047A84C /* Presenter */ = {
			isa = PBXGroup;
			children = (
				DE29238B29444A7A0047A84C /* DistritoPresenter.swift */,
			);
			path = Presenter;
			sourceTree = "<group>";
		};
		DE2923732943A4FD0047A84C /* Interactor */ = {
			isa = PBXGroup;
			children = (
				DE29238D29444A940047A84C /* DistritoInteractor.swift */,
			);
			path = Interactor;
			sourceTree = "<group>";
		};
		DE2923742943A5070047A84C /* Router */ = {
			isa = PBXGroup;
			children = (
				DE29238F29444AA60047A84C /* DistritoRouter.swift */,
			);
			path = Router;
			sourceTree = "<group>";
		};
		DE2923752943A5140047A84C /* Entity */ = {
			isa = PBXGroup;
			children = (
				DE29239529444C4A0047A84C /* DistritoEntity.swift */,
			);
			path = Entity;
			sourceTree = "<group>";
		};
		DE29238A294449580047A84C /* Distrito */ = {
			isa = PBXGroup;
			children = (
				DE2923752943A5140047A84C /* Entity */,
				DE2923742943A5070047A84C /* Router */,
				DE2923732943A4FD0047A84C /* Interactor */,
				DE2923722943A4F60047A84C /* Presenter */,
				DE2923712943A4E80047A84C /* View */,
				DEC9C0572948E52D005890EC /* Configurator */,
			);
			path = Distrito;
			sourceTree = "<group>";
		};
		DE29239729444EE80047A84C /* Network */ = {
			isa = PBXGroup;
			children = (
				DE29239829444F040047A84C /* Networking.swift */,
			);
			name = Network;
			path = Distrito/Network;
			sourceTree = "<group>";
		};
		DE29239A29444FF80047A84C /* Resources */ = {
			isa = PBXGroup;
			children = (
				DE29239B2944500F0047A84C /* DistritoResponse.swift */,
				DE2923DB2944EE240047A84C /* distrito_success_01.json */,
				DE2923EF294793AD0047A84C /* oferta_success_01.json */,
				DE2923F1294795CA0047A84C /* OfertaResponse.swift */,
			);
			path = Resources;
			sourceTree = "<group>";
		};
		DE2923DD2944FF160047A84C /* Oferta */ = {
			isa = PBXGroup;
			children = (
				DE2923E42944FF580047A84C /* Entity */,
				DE2923E32944FF510047A84C /* Router */,
				DE2923E22944FF4A0047A84C /* Interactor */,
				DE2923E12944FF440047A84C /* Presenter */,
				DE2923E02944FF3C0047A84C /* View */,
				DEC9C0582948E56A005890EC /* Configurator */,
			);
			path = Oferta;
			sourceTree = "<group>";
		};
		DE2923E02944FF3C0047A84C /* View */ = {
			isa = PBXGroup;
			children = (
				DEC0F6412936A4340053CE78 /* OfertaViewController.swift */,
				DEC9C0412947C595005890EC /* OfertaCustomTableViewCell.swift */,
				DEC9C0422947C595005890EC /* OfertaCustomTableViewCell.xib */,
			);
			path = View;
			sourceTree = "<group>";
		};
		DE2923E12944FF440047A84C /* Presenter */ = {
			isa = PBXGroup;
			children = (
				DE2923E9294501950047A84C /* OfertaPresenter.swift */,
			);
			path = Presenter;
			sourceTree = "<group>";
		};
		DE2923E22944FF4A0047A84C /* Interactor */ = {
			isa = PBXGroup;
			children = (
				DE2923EB294502610047A84C /* OfertaInteractor.swift */,
			);
			path = Interactor;
			sourceTree = "<group>";
		};
		DE2923E32944FF510047A84C /* Router */ = {
			isa = PBXGroup;
			children = (
				DEC9C0642948FFC4005890EC /* OfertaRouter.swift */,
			);
			path = Router;
			sourceTree = "<group>";
		};
		DE2923E42944FF580047A84C /* Entity */ = {
			isa = PBXGroup;
			children = (
				DE2923E7294501130047A84C /* OfertaEntity.swift */,
			);
			path = Entity;
			sourceTree = "<group>";
		};
		DE5FE175293192E000C7E9E8 = {
			isa = PBXGroup;
			children = (
				DE5FE180293192E000C7E9E8 /* ProyFreeCoupons */,
				DE5FE17F293192E000C7E9E8 /* Products */,
			);
			sourceTree = "<group>";
		};
		DE5FE17F293192E000C7E9E8 /* Products */ = {
			isa = PBXGroup;
			children = (
				DE5FE17E293192E000C7E9E8 /* ProyFreeCoupons.app */,
			);
			name = Products;
			sourceTree = "<group>";
		};
		DE5FE180293192E000C7E9E8 /* ProyFreeCoupons */ = {
			isa = PBXGroup;
			children = (
				DE29239729444EE80047A84C /* Network */,
				DE29239A29444FF80047A84C /* Resources */,
				DEC9C0592948E59F005890EC /* User */,
				DE2923DD2944FF160047A84C /* Oferta */,
				DE29238A294449580047A84C /* Distrito */,
				DE29236C29439E960047A84C /* Util */,
				DE292362294315370047A84C /* Network */,
				DE8694B3293BB74700A91415 /* SegundaParteOfertas */,
				DE5FE197293519F400C7E9E8 /* HomeViewController.swift */,
				DE5FE181293192E000C7E9E8 /* AppDelegate.swift */,
				DE99121A293BB63C005EBF65 /* ST02.storyboard */,
				DE5FE183293192E000C7E9E8 /* SceneDelegate.swift */,
				DE5FE18A293192E100C7E9E8 /* Assets.xcassets */,
				DE5FE18C293192E100C7E9E8 /* LaunchScreen.storyboard */,
				DE5FE18F293192E100C7E9E8 /* Info.plist */,
				DE6DCDD92942E85E00E4E172 /* Main.storyboard */,
			);
			path = ProyFreeCoupons;
			sourceTree = "<group>";
		};
		DE8694B3293BB74700A91415 /* SegundaParteOfertas */ = {
			isa = PBXGroup;
			children = (
				DE5FE199293549D100C7E9E8 /* DniViewController.swift */,
				DEC0F66D29392AD10053CE78 /* QrViewController.swift */,
			);
			path = SegundaParteOfertas;
			sourceTree = "<group>";
		};
		DEC9C0572948E52D005890EC /* Configurator */ = {
			isa = PBXGroup;
			children = (
				DE29239329444AE40047A84C /* DistritoConfigurator.swift */,
			);
			path = Configurator;
			sourceTree = "<group>";
		};
		DEC9C0582948E56A005890EC /* Configurator */ = {
			isa = PBXGroup;
			children = (
				DE2923E52944FF770047A84C /* OfertaConfigurator.swift */,
			);
			path = Configurator;
			sourceTree = "<group>";
		};
		DEC9C0592948E59F005890EC /* User */ = {
			isa = PBXGroup;
			children = (
				DEC9C05D2948E5C9005890EC /* Interactor */,
				DEC9C05C2948E5C1005890EC /* Presenter */,
				DEC9C05A2948E5B0005890EC /* Entity */,
				DEC9C05B2948E5B7005890EC /* Router */,
				DEC9C05E2948E5D1005890EC /* View */,
				DEC9C05F2948E5F1005890EC /* Configurator */,
			);
			path = User;
			sourceTree = "<group>";
		};
		DEC9C05A2948E5B0005890EC /* Entity */ = {
			isa = PBXGroup;
			children = (
				DEC9C06829490CD3005890EC /* UserEntity.swift */,
			);
			path = Entity;
			sourceTree = "<group>";
		};
		DEC9C05B2948E5B7005890EC /* Router */ = {
			isa = PBXGroup;
			children = (
			);
			path = Router;
			sourceTree = "<group>";
		};
		DEC9C05C2948E5C1005890EC /* Presenter */ = {
			isa = PBXGroup;
			children = (
				DEC9C06629490194005890EC /* UserPresenter.swift */,
			);
			path = Presenter;
			sourceTree = "<group>";
		};
		DEC9C05D2948E5C9005890EC /* Interactor */ = {
			isa = PBXGroup;
			children = (
			);
			path = Interactor;
			sourceTree = "<group>";
		};
		DEC9C05E2948E5D1005890EC /* View */ = {
			isa = PBXGroup;
			children = (
				DEC9C0602948E60D005890EC /* UserViewController.swift */,
			);
			path = View;
			sourceTree = "<group>";
		};
		DEC9C05F2948E5F1005890EC /* Configurator */ = {
			isa = PBXGroup;
			children = (
				DEC9C0622948E627005890EC /* UserConfigurator.swift */,
			);
			path = Configurator;
			sourceTree = "<group>";
		};
/* End PBXGroup section */

/* Begin PBXNativeTarget section */
		DE5FE17D293192E000C7E9E8 /* ProyFreeCoupons */ = {
			isa = PBXNativeTarget;
			buildConfigurationList = DE5FE192293192E100C7E9E8 /* Build configuration list for PBXNativeTarget "ProyFreeCoupons" */;
			buildPhases = (
				DE5FE17A293192E000C7E9E8 /* Sources */,
				DE5FE17B293192E000C7E9E8 /* Frameworks */,
				DE5FE17C293192E000C7E9E8 /* Resources */,
			);
			buildRules = (
			);
			dependencies = (
			);
			name = ProyFreeCoupons;
			packageProductDependencies = (
				DE29236A2943165A0047A84C /* Alamofire */,
			);
			productName = ProyFreeCoupons;
			productReference = DE5FE17E293192E000C7E9E8 /* ProyFreeCoupons.app */;
			productType = "com.apple.product-type.application";
		};
/* End PBXNativeTarget section */

/* Begin PBXProject section */
		DE5FE176293192E000C7E9E8 /* Project object */ = {
			isa = PBXProject;
			attributes = {
				BuildIndependentTargetsInParallel = 1;
				LastSwiftUpdateCheck = 1410;
				LastUpgradeCheck = 1410;
				TargetAttributes = {
					DE5FE17D293192E000C7E9E8 = {
						CreatedOnToolsVersion = 14.1;
					};
				};
			};
			buildConfigurationList = DE5FE179293192E000C7E9E8 /* Build configuration list for PBXProject "ProyFreeCoupons" */;
			compatibilityVersion = "Xcode 14.0";
			developmentRegion = en;
			hasScannedForEncodings = 0;
			knownRegions = (
				en,
				Base,
			);
			mainGroup = DE5FE175293192E000C7E9E8;
			packageReferences = (
				DE2923692943165A0047A84C /* XCRemoteSwiftPackageReference "Alamofire" */,
			);
			productRefGroup = DE5FE17F293192E000C7E9E8 /* Products */;
			projectDirPath = "";
			projectRoot = "";
			targets = (
				DE5FE17D293192E000C7E9E8 /* ProyFreeCoupons */,
			);
		};
/* End PBXProject section */

/* Begin PBXResourcesBuildPhase section */
		DE5FE17C293192E000C7E9E8 /* Resources */ = {
			isa = PBXResourcesBuildPhase;
			buildActionMask = 2147483647;
			files = (
				DE99121B293BB63C005EBF65 /* ST02.storyboard in Resources */,
				DE5FE18E293192E100C7E9E8 /* LaunchScreen.storyboard in Resources */,
				DE6DCDE02942EBE800E4E172 /* MyCustomCollectionViewCell.xib in Resources */,
				DE5FE18B293192E100C7E9E8 /* Assets.xcassets in Resources */,
				DE6DCDDA2942E85E00E4E172 /* Main.storyboard in Resources */,
				DEC9C0442947C595005890EC /* OfertaCustomTableViewCell.xib in Resources */,
				DE2923DC2944EE240047A84C /* distrito_success_01.json in Resources */,
				DE2923F0294793AD0047A84C /* oferta_success_01.json in Resources */,
			);
			runOnlyForDeploymentPostprocessing = 0;
		};
/* End PBXResourcesBuildPhase section */

/* Begin PBXSourcesBuildPhase section */
		DE5FE17A293192E000C7E9E8 /* Sources */ = {
			isa = PBXSourcesBuildPhase;
			buildActionMask = 2147483647;
			files = (
				DE29239929444F040047A84C /* Networking.swift in Sources */,
				DEC9C0612948E60D005890EC /* UserViewController.swift in Sources */,
				DE29239629444C4A0047A84C /* DistritoEntity.swift in Sources */,
				DE29238C29444A7A0047A84C /* DistritoPresenter.swift in Sources */,
				DE29239029444AA60047A84C /* DistritoRouter.swift in Sources */,
				DE29238E29444A940047A84C /* DistritoInteractor.swift in Sources */,
				DEC0F66E29392AD10053CE78 /* QrViewController.swift in Sources */,
				DEC9C0652948FFC4005890EC /* OfertaRouter.swift in Sources */,
				DE5FE19A293549D100C7E9E8 /* DniViewController.swift in Sources */,
				DE29239C2944500F0047A84C /* DistritoResponse.swift in Sources */,
				DE6DCDDF2942EBE800E4E172 /* MyCustomCollectionViewCell.swift in Sources */,
				DEC9C06929490CD3005890EC /* UserEntity.swift in Sources */,
				DE29237029439EE10047A84C /* UIButtonExtension.swift in Sources */,
				DEC9C06729490194005890EC /* UserPresenter.swift in Sources */,
				DE2923E8294501130047A84C /* OfertaEntity.swift in Sources */,
				DEC9C0632948E627005890EC /* UserConfigurator.swift in Sources */,
				DE2923682943158A0047A84C /* NetworkingProvider.swift in Sources */,
				DE5FE182293192E000C7E9E8 /* AppDelegate.swift in Sources */,
				DE2923EA294501950047A84C /* OfertaPresenter.swift in Sources */,
				DE2923EC294502610047A84C /* OfertaInteractor.swift in Sources */,
				DE6DCDDC2942EA3F00E4E172 /* DistritoViewController.swift in Sources */,
				DEC0F6422936A4340053CE78 /* OfertaViewController.swift in Sources */,
				DE5FE184293192E000C7E9E8 /* SceneDelegate.swift in Sources */,
				DEC9C0432947C595005890EC /* OfertaCustomTableViewCell.swift in Sources */,
				DE29239429444AE40047A84C /* DistritoConfigurator.swift in Sources */,
				DE5FE198293519F400C7E9E8 /* HomeViewController.swift in Sources */,
				DE2923E62944FF770047A84C /* OfertaConfigurator.swift in Sources */,
				DE2923F2294795CA0047A84C /* OfertaResponse.swift in Sources */,
			);
			runOnlyForDeploymentPostprocessing = 0;
		};
/* End PBXSourcesBuildPhase section */

/* Begin PBXVariantGroup section */
		DE5FE18C293192E100C7E9E8 /* LaunchScreen.storyboard */ = {
			isa = PBXVariantGroup;
			children = (
				DE5FE18D293192E100C7E9E8 /* Base */,
			);
			name = LaunchScreen.storyboard;
			sourceTree = "<group>";
		};
/* End PBXVariantGroup section */

/* Begin XCBuildConfiguration section */
		DE5FE190293192E100C7E9E8 /* Debug */ = {
			isa = XCBuildConfiguration;
			buildSettings = {
				ALWAYS_SEARCH_USER_PATHS = NO;
				CLANG_ANALYZER_NONNULL = YES;
				CLANG_ANALYZER_NUMBER_OBJECT_CONVERSION = YES_AGGRESSIVE;
				CLANG_CXX_LANGUAGE_STANDARD = "gnu++20";
				CLANG_ENABLE_MODULES = YES;
				CLANG_ENABLE_OBJC_ARC = YES;
				CLANG_ENABLE_OBJC_WEAK = YES;
				CLANG_WARN_BLOCK_CAPTURE_AUTORELEASING = YES;
				CLANG_WARN_BOOL_CONVERSION = YES;
				CLANG_WARN_COMMA = YES;
				CLANG_WARN_CONSTANT_CONVERSION = YES;
				CLANG_WARN_DEPRECATED_OBJC_IMPLEMENTATIONS = YES;
				CLANG_WARN_DIRECT_OBJC_ISA_USAGE = YES_ERROR;
				CLANG_WARN_DOCUMENTATION_COMMENTS = YES;
				CLANG_WARN_EMPTY_BODY = YES;
				CLANG_WARN_ENUM_CONVERSION = YES;
				CLANG_WARN_INFINITE_RECURSION = YES;
				CLANG_WARN_INT_CONVERSION = YES;
				CLANG_WARN_NON_LITERAL_NULL_CONVERSION = YES;
				CLANG_WARN_OBJC_IMPLICIT_RETAIN_SELF = YES;
				CLANG_WARN_OBJC_LITERAL_CONVERSION = YES;
				CLANG_WARN_OBJC_ROOT_CLASS = YES_ERROR;
				CLANG_WARN_QUOTED_INCLUDE_IN_FRAMEWORK_HEADER = YES;
				CLANG_WARN_RANGE_LOOP_ANALYSIS = YES;
				CLANG_WARN_STRICT_PROTOTYPES = YES;
				CLANG_WARN_SUSPICIOUS_MOVE = YES;
				CLANG_WARN_UNGUARDED_AVAILABILITY = YES_AGGRESSIVE;
				CLANG_WARN_UNREACHABLE_CODE = YES;
				CLANG_WARN__DUPLICATE_METHOD_MATCH = YES;
				COPY_PHASE_STRIP = NO;
				DEBUG_INFORMATION_FORMAT = dwarf;
				ENABLE_STRICT_OBJC_MSGSEND = YES;
				ENABLE_TESTABILITY = YES;
				GCC_C_LANGUAGE_STANDARD = gnu11;
				GCC_DYNAMIC_NO_PIC = NO;
				GCC_NO_COMMON_BLOCKS = YES;
				GCC_OPTIMIZATION_LEVEL = 0;
				GCC_PREPROCESSOR_DEFINITIONS = (
					"DEBUG=1",
					"$(inherited)",
				);
				GCC_WARN_64_TO_32_BIT_CONVERSION = YES;
				GCC_WARN_ABOUT_RETURN_TYPE = YES_ERROR;
				GCC_WARN_UNDECLARED_SELECTOR = YES;
				GCC_WARN_UNINITIALIZED_AUTOS = YES_AGGRESSIVE;
				GCC_WARN_UNUSED_FUNCTION = YES;
				GCC_WARN_UNUSED_VARIABLE = YES;
				IPHONEOS_DEPLOYMENT_TARGET = 16.1;
				MTL_ENABLE_DEBUG_INFO = INCLUDE_SOURCE;
				MTL_FAST_MATH = YES;
				ONLY_ACTIVE_ARCH = YES;
				SDKROOT = iphoneos;
				SWIFT_ACTIVE_COMPILATION_CONDITIONS = DEBUG;
				SWIFT_OPTIMIZATION_LEVEL = "-Onone";
			};
			name = Debug;
		};
		DE5FE191293192E100C7E9E8 /* Release */ = {
			isa = XCBuildConfiguration;
			buildSettings = {
				ALWAYS_SEARCH_USER_PATHS = NO;
				CLANG_ANALYZER_NONNULL = YES;
				CLANG_ANALYZER_NUMBER_OBJECT_CONVERSION = YES_AGGRESSIVE;
				CLANG_CXX_LANGUAGE_STANDARD = "gnu++20";
				CLANG_ENABLE_MODULES = YES;
				CLANG_ENABLE_OBJC_ARC = YES;
				CLANG_ENABLE_OBJC_WEAK = YES;
				CLANG_WARN_BLOCK_CAPTURE_AUTORELEASING = YES;
				CLANG_WARN_BOOL_CONVERSION = YES;
				CLANG_WARN_COMMA = YES;
				CLANG_WARN_CONSTANT_CONVERSION = YES;
				CLANG_WARN_DEPRECATED_OBJC_IMPLEMENTATIONS = YES;
				CLANG_WARN_DIRECT_OBJC_ISA_USAGE = YES_ERROR;
				CLANG_WARN_DOCUMENTATION_COMMENTS = YES;
				CLANG_WARN_EMPTY_BODY = YES;
				CLANG_WARN_ENUM_CONVERSION = YES;
				CLANG_WARN_INFINITE_RECURSION = YES;
				CLANG_WARN_INT_CONVERSION = YES;
				CLANG_WARN_NON_LITERAL_NULL_CONVERSION = YES;
				CLANG_WARN_OBJC_IMPLICIT_RETAIN_SELF = YES;
				CLANG_WARN_OBJC_LITERAL_CONVERSION = YES;
				CLANG_WARN_OBJC_ROOT_CLASS = YES_ERROR;
				CLANG_WARN_QUOTED_INCLUDE_IN_FRAMEWORK_HEADER = YES;
				CLANG_WARN_RANGE_LOOP_ANALYSIS = YES;
				CLANG_WARN_STRICT_PROTOTYPES = YES;
				CLANG_WARN_SUSPICIOUS_MOVE = YES;
				CLANG_WARN_UNGUARDED_AVAILABILITY = YES_AGGRESSIVE;
				CLANG_WARN_UNREACHABLE_CODE = YES;
				CLANG_WARN__DUPLICATE_METHOD_MATCH = YES;
				COPY_PHASE_STRIP = NO;
				DEBUG_INFORMATION_FORMAT = "dwarf-with-dsym";
				ENABLE_NS_ASSERTIONS = NO;
				ENABLE_STRICT_OBJC_MSGSEND = YES;
				GCC_C_LANGUAGE_STANDARD = gnu11;
				GCC_NO_COMMON_BLOCKS = YES;
				GCC_WARN_64_TO_32_BIT_CONVERSION = YES;
				GCC_WARN_ABOUT_RETURN_TYPE = YES_ERROR;
				GCC_WARN_UNDECLARED_SELECTOR = YES;
				GCC_WARN_UNINITIALIZED_AUTOS = YES_AGGRESSIVE;
				GCC_WARN_UNUSED_FUNCTION = YES;
				GCC_WARN_UNUSED_VARIABLE = YES;
				IPHONEOS_DEPLOYMENT_TARGET = 16.1;
				MTL_ENABLE_DEBUG_INFO = NO;
				MTL_FAST_MATH = YES;
				SDKROOT = iphoneos;
				SWIFT_COMPILATION_MODE = wholemodule;
				SWIFT_OPTIMIZATION_LEVEL = "-O";
				VALIDATE_PRODUCT = YES;
			};
			name = Release;
		};
		DE5FE193293192E100C7E9E8 /* Debug */ = {
			isa = XCBuildConfiguration;
			buildSettings = {
				ASSETCATALOG_COMPILER_APPICON_NAME = AppIcon;
				ASSETCATALOG_COMPILER_GLOBAL_ACCENT_COLOR_NAME = AccentColor;
				CODE_SIGN_STYLE = Automatic;
				CURRENT_PROJECT_VERSION = 1;
				GENERATE_INFOPLIST_FILE = YES;
				INFOPLIST_FILE = ProyFreeCoupons/Info.plist;
				INFOPLIST_KEY_UIApplicationSupportsIndirectInputEvents = YES;
				INFOPLIST_KEY_UILaunchStoryboardName = LaunchScreen;
				INFOPLIST_KEY_UIMainStoryboardFile = Main;
				INFOPLIST_KEY_UISupportedInterfaceOrientations_iPad = "UIInterfaceOrientationPortrait UIInterfaceOrientationPortraitUpsideDown UIInterfaceOrientationLandscapeLeft UIInterfaceOrientationLandscapeRight";
				INFOPLIST_KEY_UISupportedInterfaceOrientations_iPhone = "UIInterfaceOrientationPortrait UIInterfaceOrientationLandscapeLeft UIInterfaceOrientationLandscapeRight";
				LD_RUNPATH_SEARCH_PATHS = (
					"$(inherited)",
					"@executable_path/Frameworks",
				);
				MARKETING_VERSION = 1.0;
				PRODUCT_BUNDLE_IDENTIFIER = pe.douglas.ProyFreeCoupons;
				PRODUCT_NAME = "$(TARGET_NAME)";
				SWIFT_EMIT_LOC_STRINGS = YES;
				SWIFT_VERSION = 5.0;
				TARGETED_DEVICE_FAMILY = "1,2";
			};
			name = Debug;
		};
		DE5FE194293192E100C7E9E8 /* Release */ = {
			isa = XCBuildConfiguration;
			buildSettings = {
				ASSETCATALOG_COMPILER_APPICON_NAME = AppIcon;
				ASSETCATALOG_COMPILER_GLOBAL_ACCENT_COLOR_NAME = AccentColor;
				CODE_SIGN_STYLE = Automatic;
				CURRENT_PROJECT_VERSION = 1;
				GENERATE_INFOPLIST_FILE = YES;
				INFOPLIST_FILE = ProyFreeCoupons/Info.plist;
				INFOPLIST_KEY_UIApplicationSupportsIndirectInputEvents = YES;
				INFOPLIST_KEY_UILaunchStoryboardName = LaunchScreen;
				INFOPLIST_KEY_UIMainStoryboardFile = Main;
				INFOPLIST_KEY_UISupportedInterfaceOrientations_iPad = "UIInterfaceOrientationPortrait UIInterfaceOrientationPortraitUpsideDown UIInterfaceOrientationLandscapeLeft UIInterfaceOrientationLandscapeRight";
				INFOPLIST_KEY_UISupportedInterfaceOrientations_iPhone = "UIInterfaceOrientationPortrait UIInterfaceOrientationLandscapeLeft UIInterfaceOrientationLandscapeRight";
				LD_RUNPATH_SEARCH_PATHS = (
					"$(inherited)",
					"@executable_path/Frameworks",
				);
				MARKETING_VERSION = 1.0;
				PRODUCT_BUNDLE_IDENTIFIER = pe.douglas.ProyFreeCoupons;
				PRODUCT_NAME = "$(TARGET_NAME)";
				SWIFT_EMIT_LOC_STRINGS = YES;
				SWIFT_VERSION = 5.0;
				TARGETED_DEVICE_FAMILY = "1,2";
			};
			name = Release;
		};
/* End XCBuildConfiguration section */

/* Begin XCConfigurationList section */
		DE5FE179293192E000C7E9E8 /* Build configuration list for PBXProject "ProyFreeCoupons" */ = {
			isa = XCConfigurationList;
			buildConfigurations = (
				DE5FE190293192E100C7E9E8 /* Debug */,
				DE5FE191293192E100C7E9E8 /* Release */,
			);
			defaultConfigurationIsVisible = 0;
			defaultConfigurationName = Release;
		};
		DE5FE192293192E100C7E9E8 /* Build configuration list for PBXNativeTarget "ProyFreeCoupons" */ = {
			isa = XCConfigurationList;
			buildConfigurations = (
				DE5FE193293192E100C7E9E8 /* Debug */,
				DE5FE194293192E100C7E9E8 /* Release */,
			);
			defaultConfigurationIsVisible = 0;
			defaultConfigurationName = Release;
		};
/* End XCConfigurationList section */

/* Begin XCRemoteSwiftPackageReference section */
		DE2923692943165A0047A84C /* XCRemoteSwiftPackageReference "Alamofire" */ = {
			isa = XCRemoteSwiftPackageReference;
			repositoryURL = "https://github.com/Alamofire/Alamofire.git";
			requirement = {
				branch = master;
				kind = branch;
			};
		};
/* End XCRemoteSwiftPackageReference section */

/* Begin XCSwiftPackageProductDependency section */
		DE29236A2943165A0047A84C /* Alamofire */ = {
			isa = XCSwiftPackageProductDependency;
			package = DE2923692943165A0047A84C /* XCRemoteSwiftPackageReference "Alamofire" */;
			productName = Alamofire;
		};
/* End XCSwiftPackageProductDependency section */
	};
	rootObject = DE5FE176293192E000C7E9E8 /* Project object */;
}
